dependencies:
- name: grafana
  repository: https://grafana.github.io/helm-charts
  version: 10.2.0
- name: grafana-operator
  repository: oci://ghcr.io/grafana/helm-charts
  version: v5.20.0
digest: sha256:ef0ccce4e7864dd18764a64bdd6ebff1c44a4a6251048b01cdb8b329e2efe8df
generated: "2025-11-21T12:52:18.680937362Z"
