dependencies:
- name: matrix
  repository: https://remram44.github.io/matrix-helm
  version: 2.9.14
- name: cluster
  repository: https://cloudnative-pg.github.io/charts
  version: 0.5.0
- name: mautrix-discord
  repository: https://mjohnson9.github.io/helm/
  version: 0.2.1
digest: sha256:1309af19ab895f6fa6cc42b6cc0d225168611afc2f20daaf3e864d13628a25ab
generated: "2026-02-12T23:23:47.439276Z"
