dependencies:
- name: matrix
  repository: https://remram44.github.io/matrix-helm
  version: 2.9.14
- name: cluster
  repository: https://cloudnative-pg.github.io/charts
  version: 0.5.0
- name: common
  repository: https://bjw-s-labs.github.io/helm-charts/
  version: 4.6.2
digest: sha256:d019e7a2c1c923cbab4cfa96302ff9125ebd4a265a168de7f7cc3c10c43b8e09
generated: "2026-02-12T23:41:28.690087Z"
