dependencies:
- name: lubelogger
  repository: https://anza-labs.github.io/charts
  version: 1.4.7
- name: cluster
  repository: https://cloudnative-pg.github.io/charts
  version: 0.7.0
digest: sha256:d07a33c0561215cd5f50e382b7ff4a33582581b45a872f1248b40a8a5a05652d
generated: "2026-06-26T23:04:12.380700852Z"
