dependencies:
- name: lubelogger
  repository: https://anza-labs.github.io/charts
  version: 1.4.7
- name: cluster
  repository: https://cloudnative-pg.github.io/charts
  version: 0.6.1
digest: sha256:33a3610cd84ff8d9a8b8d4754809c2ac3ea95825a5b716bfe48b7e414cc625a6
generated: "2026-06-03T18:51:11.834420251Z"
