dependencies:
- name: immich
  repository: oci://ghcr.io/immich-app/immich-charts
  version: 0.10.3
- name: cluster
  repository: https://cloudnative-pg.github.io/charts
  version: 0.3.1
digest: sha256:886b880e26394a10fbb504adba62bdf0d6aa10675496cb8c11a5c908532c7450
generated: "2025-11-14T17:22:48.866882263Z"
