dependencies:
- name: immich
  repository: oci://ghcr.io/immich-app/immich-charts
  version: 0.13.2
- name: cluster
  repository: https://cloudnative-pg.github.io/charts
  version: 0.8.1
digest: sha256:3c927b6b8a4cc1db13a8d1c602dc3f7ea35a107957140270b31a7591ecbe5708
generated: "2026-09-10T18:15:05.168651019Z"
