dependencies:
- name: infisical-standalone
  repository: https://dl.cloudsmith.io/public/infisical/helm-charts/helm/charts
  version: 1.7.2
- name: secrets-operator
  repository: https://dl.cloudsmith.io/public/infisical/helm-charts/helm/charts
  version: 0.10.11
- name: valkey
  repository: https://valkey.io/valkey-helm/
  version: 0.7.7
- name: cluster
  repository: https://cloudnative-pg.github.io/charts
  version: 0.3.1
digest: sha256:2dfcd7c490eb02e248e19838a7b0fefde1461ab62353d36c5c35384474c95621
generated: "2025-11-04T22:04:12.927233Z"
