dependencies:
- name: infisical-standalone
  repository: https://dl.cloudsmith.io/public/infisical/helm-charts/helm/charts
  version: 1.7.5
- name: secrets-operator
  repository: https://dl.cloudsmith.io/public/infisical/helm-charts/helm/charts
  version: 0.10.27
- name: valkey
  repository: https://valkey.io/valkey-helm/
  version: 0.9.3
- name: cluster
  repository: https://cloudnative-pg.github.io/charts
  version: 0.6.0
digest: sha256:ad6c8b94a986c8186340baa700d21747e255c5e5429a8cc179d2258c51d3b5bb
generated: "2026-03-20T15:51:35.749229897Z"
