dependencies:
- name: geopulse
  repository: https://tess1o.github.io/geopulse/charts
  version: 1.11.0
- name: cluster
  repository: https://cloudnative-pg.github.io/charts
  version: 0.5.0
digest: sha256:451d54859ff6c5b9465a71f6a08af6a10605093b270b6c2edd8610d7f1770ab3
generated: "2026-01-05T21:28:26.288493311Z"
