dependencies:
- name: matrix-stack
  repository: oci://ghcr.io/robertclarke64/ess-helm
  version: 26.2.2-httproutes-13
- name: cluster
  repository: https://cloudnative-pg.github.io/charts
  version: 0.5.0
digest: sha256:8ec9f0cf2e45fa686f0c285706e6e5431db489f42ffef6eb13a6ba1f42c4e65f
generated: "2026-02-16T21:35:36.617616Z"
