dependencies:
- name: common
  repository: https://bjw-s-labs.github.io/helm-charts/
  version: 5.0.1
- name: valkey
  repository: https://valkey.io/valkey-helm/
  version: 0.12.0
digest: sha256:884e1115c0fb25b47714422cd847476981b8b4fa2b84e61c07d240fd282a33fa
generated: "2026-09-02T13:30:08.749588408Z"
