dependencies:
- name: common
  repository: https://bjw-s-labs.github.io/helm-charts/
  version: 4.4.0
- name: valkey
  repository: https://valkey.io/valkey-helm/
  version: 0.8.1
digest: sha256:881741028afa6d7b0ee9e50a40b87592b2bf9079d1ef94ca9b43c776eafafe46
generated: "2025-12-01T12:45:38.291545Z"
