dependencies:
- name: common
  repository: https://bjw-s-labs.github.io/helm-charts/
  version: 5.0.1
- name: valkey
  repository: https://valkey.io/valkey-helm/
  version: 0.9.4
digest: sha256:c5643fe3f501b9071e5e64e11901b23855356a8235ee369bd54adb19247aa3e3
generated: "2026-05-15T21:13:06.210776673Z"
