dependencies:
- name: monica
  repository: https://monicahq.github.io/helm/
  version: 1.0.14
- name: cluster
  repository: https://cloudnative-pg.github.io/charts
  version: 0.6.1
digest: sha256:080434016b64f15da3dde4a60036a35434f00bbd8271e57c58416d1dca5e9ba1
generated: "2026-05-17T07:37:07.035443005Z"
