dependencies:
- name: monica
  repository: https://monicahq.github.io/helm/
  version: 1.0.15
- name: cluster
  repository: https://cloudnative-pg.github.io/charts
  version: 0.9.0
digest: sha256:a104a1dda9ba7c513ae68ddf50d188d5d3975ed05f1cd7ad5da1ca5765a3cee9
generated: "2026-10-07T01:22:10.003195646Z"
