dependencies:
- name: monica
  repository: https://monicahq.github.io/helm/
  version: 1.0.14
- name: cluster
  repository: https://cloudnative-pg.github.io/charts
  version: 0.3.1
digest: sha256:f8d0236e145065024a3d83180017a92a7a2ea28332695b3742b4d267bba42ac8
generated: "2025-10-16T20:37:43.461119+01:00"
