dependencies:
- name: tandoor-recipes
  repository: oci://oci.trueforge.org/truecharts
  version: 20.12.1
- name: cluster
  repository: https://cloudnative-pg.github.io/charts
  version: 0.3.1
digest: sha256:91e8fcaa583f60ca8f678078c66e7a019ecdd604a8ee08428f0024850cb21f2f
generated: "2025-10-29T21:29:31.891272Z"
